
Microsoft Visual Studio Solution File, Format Version 12.00
Project("{FAE04EC0-301F-11D3-BF4B-00C04F79EFBC}") = "album-art-generator", "album-art-generator.csproj", "{A21E630D-5B24-408E-850B-7C13A502C1F9}"
EndProject
Global
	GlobalSection(SolutionConfigurationPlatforms) = preSolution
		Debug|Any CPU = Debug|Any CPU
		Release|Any CPU = Release|Any CPU
	EndGlobalSection
	GlobalSection(ProjectConfigurationPlatforms) = postSolution
		{A21E630D-5B24-408E-850B-7C13A502C1F9}.Debug|Any CPU.ActiveCfg = Debug|Any CPU
		{A21E630D-5B24-408E-850B-7C13A502C1F9}.Debug|Any CPU.Build.0 = Debug|Any CPU
		{A21E630D-5B24-408E-850B-7C13A502C1F9}.Release|Any CPU.ActiveCfg = Release|Any CPU
		{A21E630D-5B24-408E-850B-7C13A502C1F9}.Release|Any CPU.Build.0 = Release|Any CPU
	EndGlobalSection
EndGlobal
